// !$*UTF8*$!
{
	archiveVersion = 1;
	classes = {
	};
	objectVersion = 77;
	objects = {

/* Begin PBXBuildFile section */
		26B2B2CA2F5D4A5E003B7D89 /* ChartViewportDerivedState.swift in Sources */ = {isa = PBXBuildFile; fileRef = 26B2B2C92F5D4A5E003B7D89 /* ChartViewportDerivedState.swift */; };
		26E3FC552F5CE7CB004D2007 /* CombinedChartView.swift in Sources */ = {isa = PBXBuildFile; fileRef = 26E3FC4D2F5CE7CB004D2007 /* CombinedChartView.swift */; };
		26E3FCC32F5D0893004D2007 /* ChartCoreModels.swift in Sources */ = {isa = PBXBuildFile; fileRef = 26E3FCC22F5D0893004D2007 /* ChartCoreModels.swift */; };
		26E3FCC52F5D0893004D2007 /* ChartResolvers.swift in Sources */ = {isa = PBXBuildFile; fileRef = 26E3FCC42F5D0893004D2007 /* ChartResolvers.swift */; };
		26E3FCC72F5D0A42004D2007 /* ChartContainerRenderer.swift in Sources */ = {isa = PBXBuildFile; fileRef = 26E3FCC62F5D0A42004D2007 /* ChartContainerRenderer.swift */; };
		26E3FCC92F5D0B20004D2007 /* ChartContainerAxisRenderer.swift in Sources */ = {isa = PBXBuildFile; fileRef = 26E3FCC82F5D0B20004D2007 /* ChartContainerAxisRenderer.swift */; };
		26E3FCCB2F5D0B50004D2007 /* ChartContainerOverlayRenderer.swift in Sources */ = {isa = PBXBuildFile; fileRef = 26E3FCCA2F5D0B50004D2007 /* ChartContainerOverlayRenderer.swift */; };
		26E3FCCD2F5D0C48004D2007 /* CombinedChartSection.swift in Sources */ = {isa = PBXBuildFile; fileRef = 26E3FCCC2F5D0C48004D2007 /* CombinedChartSection.swift */; };
		26E3FCCF2F5D0E80004D2007 /* CombinedChartOrchestration.swift in Sources */ = {isa = PBXBuildFile; fileRef = 26E3FCCE2F5D0E80004D2007 /* CombinedChartOrchestration.swift */; };
		26E3FCD12F5D0FA8004D2007 /* CombinedChartSupportViews.swift in Sources */ = {isa = PBXBuildFile; fileRef = 26E3FCD02F5D0FA8004D2007 /* CombinedChartSupportViews.swift */; };
		26E3FCD32F5D10F9004D2007 /* CombinedChartPreview.swift in Sources */ = {isa = PBXBuildFile; fileRef = 26E3FCD22F5D10F9004D2007 /* CombinedChartPreview.swift */; };
		26E3FCD52F5D122C004D2007 /* ChartConfiguration.swift in Sources */ = {isa = PBXBuildFile; fileRef = 26E3FCD42F5D122C004D2007 /* ChartConfiguration.swift */; };
		26E3FCD72F5D124F004D2007 /* CombinedChartPublicTypes.swift in Sources */ = {isa = PBXBuildFile; fileRef = 26E3FCD62F5D124F004D2007 /* CombinedChartPublicTypes.swift */; };
		26E3FCD92F5D12C9004D2007 /* CombinedChartInternalData.swift in Sources */ = {isa = PBXBuildFile; fileRef = 26E3FCD82F5D12C9004D2007 /* CombinedChartInternalData.swift */; };
		26E3FCDB2F5D1440004D2007 /* CombinedChartViewBody.swift in Sources */ = {isa = PBXBuildFile; fileRef = 26E3FCDA2F5D1440004D2007 /* CombinedChartViewBody.swift */; };
		26E3FCF52F5D1AEF004D2007 /* CombinedChartInteractionReducer.swift in Sources */ = {isa = PBXBuildFile; fileRef = 26E3FCF42F5D1AEF004D2007 /* CombinedChartInteractionReducer.swift */; };
		26E3FD012F5D5000004D2007 /* SnapshotTesting in Frameworks */ = {isa = PBXBuildFile; productRef = 26E3FD022F5D5000004D2007 /* SnapshotTesting */; };
		A1000000000000000000000D /* CombinedChartFramework.framework in Frameworks */ = {isa = PBXBuildFile; fileRef = A10000000000000000000001 /* CombinedChartFramework.framework */; };
		A1000000000000000000000F /* CombinedChartFramework.framework in Embed Frameworks */ = {isa = PBXBuildFile; fileRef = A10000000000000000000001 /* CombinedChartFramework.framework */; settings = {ATTRIBUTES = (CodeSignOnCopy, RemoveHeadersOnCopy, ); }; };
/* End PBXBuildFile section */

/* Begin PBXContainerItemProxy section */
		26785B902F3F0AC900541A34 /* PBXContainerItemProxy */ = {
			isa = PBXContainerItemProxy;
			containerPortal = 26785B7A2F3F0AC900541A34 /* Project object */;
			proxyType = 1;
			remoteGlobalIDString = 26785B812F3F0AC900541A34;
			remoteInfo = CombinedChartSample;
		};
		26785B9A2F3F0AC900541A34 /* PBXContainerItemProxy */ = {
			isa = PBXContainerItemProxy;
			containerPortal = 26785B7A2F3F0AC900541A34 /* Project object */;
			proxyType = 1;
			remoteGlobalIDString = 26785B812F3F0AC900541A34;
			remoteInfo = CombinedChartSample;
		};
		A1000000000000000000000B /* PBXContainerItemProxy */ = {
			isa = PBXContainerItemProxy;
			containerPortal = 26785B7A2F3F0AC900541A34 /* Project object */;
			proxyType = 1;
			remoteGlobalIDString = A10000000000000000000006;
			remoteInfo = CombinedChartFramework;
		};
/* End PBXContainerItemProxy section */

/* Begin PBXCopyFilesBuildPhase section */
		A1000000000000000000000E /* Embed Frameworks */ = {
			isa = PBXCopyFilesBuildPhase;
			buildActionMask = 2147483647;
			dstPath = "";
			dstSubfolderSpec = 10;
			files = (
				A1000000000000000000000F /* CombinedChartFramework.framework in Embed Frameworks */,
			);
			name = "Embed Frameworks";
			runOnlyForDeploymentPostprocessing = 0;
		};
/* End PBXCopyFilesBuildPhase section */

/* Begin PBXFileReference section */
		26785B822F3F0AC900541A34 /* CombinedChartSample.app */ = {isa = PBXFileReference; explicitFileType = wrapper.application; includeInIndex = 0; path = CombinedChartSample.app; sourceTree = BUILT_PRODUCTS_DIR; };
		26785B8F2F3F0AC900541A34 /* CombinedChartSampleTests.xctest */ = {isa = PBXFileReference; explicitFileType = wrapper.cfbundle; includeInIndex = 0; path = CombinedChartSampleTests.xctest; sourceTree = BUILT_PRODUCTS_DIR; };
		26785B992F3F0AC900541A34 /* CombinedChartSampleUITests.xctest */ = {isa = PBXFileReference; explicitFileType = wrapper.cfbundle; includeInIndex = 0; path = CombinedChartSampleUITests.xctest; sourceTree = BUILT_PRODUCTS_DIR; };
		26B2B2C92F5D4A5E003B7D89 /* ChartViewportDerivedState.swift */ = {isa = PBXFileReference; lastKnownFileType = sourcecode.swift; path = ChartViewportDerivedState.swift; sourceTree = "<group>"; };
		26E3FC4D2F5CE7CB004D2007 /* CombinedChartView.swift */ = {isa = PBXFileReference; lastKnownFileType = sourcecode.swift; path = CombinedChartView.swift; sourceTree = "<group>"; };
		26E3FCC22F5D0893004D2007 /* ChartCoreModels.swift */ = {isa = PBXFileReference; lastKnownFileType = sourcecode.swift; path = ChartCoreModels.swift; sourceTree = "<group>"; };
		26E3FCC42F5D0893004D2007 /* ChartResolvers.swift */ = {isa = PBXFileReference; lastKnownFileType = sourcecode.swift; path = ChartResolvers.swift; sourceTree = "<group>"; };
		26E3FCC62F5D0A42004D2007 /* ChartContainerRenderer.swift */ = {isa = PBXFileReference; lastKnownFileType = sourcecode.swift; path = ChartContainerRenderer.swift; sourceTree = "<group>"; };
		26E3FCC82F5D0B20004D2007 /* ChartContainerAxisRenderer.swift */ = {isa = PBXFileReference; lastKnownFileType = sourcecode.swift; path = ChartContainerAxisRenderer.swift; sourceTree = "<group>"; };
		26E3FCCA2F5D0B50004D2007 /* ChartContainerOverlayRenderer.swift */ = {isa = PBXFileReference; lastKnownFileType = sourcecode.swift; path = ChartContainerOverlayRenderer.swift; sourceTree = "<group>"; };
		26E3FCCC2F5D0C48004D2007 /* CombinedChartSection.swift */ = {isa = PBXFileReference; lastKnownFileType = sourcecode.swift; path = CombinedChartSection.swift; sourceTree = "<group>"; };
		26E3FCCE2F5D0E80004D2007 /* CombinedChartOrchestration.swift */ = {isa = PBXFileReference; lastKnownFileType = sourcecode.swift; path = CombinedChartOrchestration.swift; sourceTree = "<group>"; };
		26E3FCD02F5D0FA8004D2007 /* CombinedChartSupportViews.swift */ = {isa = PBXFileReference; lastKnownFileType = sourcecode.swift; path = CombinedChartSupportViews.swift; sourceTree = "<group>"; };
		26E3FCD22F5D10F9004D2007 /* CombinedChartPreview.swift */ = {isa = PBXFileReference; lastKnownFileType = sourcecode.swift; path = CombinedChartPreview.swift; sourceTree = "<group>"; };
		26E3FCD42F5D122C004D2007 /* ChartConfiguration.swift */ = {isa = PBXFileReference; lastKnownFileType = sourcecode.swift; path = ChartConfiguration.swift; sourceTree = "<group>"; };
		26E3FCD62F5D124F004D2007 /* CombinedChartPublicTypes.swift */ = {isa = PBXFileReference; lastKnownFileType = sourcecode.swift; path = CombinedChartPublicTypes.swift; sourceTree = "<group>"; };
		26E3FCD82F5D12C9004D2007 /* CombinedChartInternalData.swift */ = {isa = PBXFileReference; lastKnownFileType = sourcecode.swift; path = CombinedChartInternalData.swift; sourceTree = "<group>"; };
		26E3FCDA2F5D1440004D2007 /* CombinedChartViewBody.swift */ = {isa = PBXFileReference; lastKnownFileType = sourcecode.swift; path = CombinedChartViewBody.swift; sourceTree = "<group>"; };
		26E3FCF42F5D1AEF004D2007 /* CombinedChartInteractionReducer.swift */ = {isa = PBXFileReference; lastKnownFileType = sourcecode.swift; path = CombinedChartInteractionReducer.swift; sourceTree = "<group>"; };
		26E3FCF62F5D1D63004D2007 /* CombinedChartSample.xctestplan */ = {isa = PBXFileReference; lastKnownFileType = text; path = CombinedChartSample.xctestplan; sourceTree = "<group>"; };
		A10000000000000000000001 /* CombinedChartFramework.framework */ = {isa = PBXFileReference; explicitFileType = wrapper.framework; includeInIndex = 0; path = CombinedChartFramework.framework; sourceTree = BUILT_PRODUCTS_DIR; };
/* End PBXFileReference section */

/* Begin PBXFileSystemSynchronizedRootGroup section */
		26785B842F3F0AC900541A34 /* App */ = {
			isa = PBXFileSystemSynchronizedRootGroup;
			name = App;
			path = CombinedChartSample/CombinedChartSample/App;
			sourceTree = "<group>";
		};
		26785B922F3F0AC900541A34 /* Tests */ = {
			isa = PBXFileSystemSynchronizedRootGroup;
			name = Tests;
			path = CombinedChartSample/CombinedChartSample/Tests/CombinedChartFrameworkTests;
			sourceTree = "<group>";
		};
		26785B9C2F3F0AC900541A34 /* CombinedChartSampleUITests */ = {
			isa = PBXFileSystemSynchronizedRootGroup;
			path = CombinedChartSampleUITests;
			sourceTree = "<group>";
		};
/* End PBXFileSystemSynchronizedRootGroup section */

/* Begin PBXFrameworksBuildPhase section */
		26785B7F2F3F0AC900541A34 /* Frameworks */ = {
			isa = PBXFrameworksBuildPhase;
			buildActionMask = 2147483647;
			files = (
				A1000000000000000000000D /* CombinedChartFramework.framework in Frameworks */,
			);
			runOnlyForDeploymentPostprocessing = 0;
		};
		26785B8C2F3F0AC900541A34 /* Frameworks */ = {
			isa = PBXFrameworksBuildPhase;
			buildActionMask = 2147483647;
			files = (
			);
			runOnlyForDeploymentPostprocessing = 0;
		};
		26785B962F3F0AC900541A34 /* Frameworks */ = {
			isa = PBXFrameworksBuildPhase;
			buildActionMask = 2147483647;
			files = (
				26E3FD012F5D5000004D2007 /* SnapshotTesting in Frameworks */,
			);
			runOnlyForDeploymentPostprocessing = 0;
		};
		A10000000000000000000003 /* Frameworks */ = {
			isa = PBXFrameworksBuildPhase;
			buildActionMask = 2147483647;
			files = (
			);
			runOnlyForDeploymentPostprocessing = 0;
		};
/* End PBXFrameworksBuildPhase section */

/* Begin PBXGroup section */
		26785B792F3F0AC900541A34 = {
			isa = PBXGroup;
			children = (
				26E3FCF62F5D1D63004D2007 /* CombinedChartSample.xctestplan */,
				26785B842F3F0AC900541A34 /* App */,
				26785B922F3F0AC900541A34 /* Tests */,
				26785B9C2F3F0AC900541A34 /* CombinedChartSampleUITests */,
				26785B832F3F0AC900541A34 /* Products */,
				26E3FC5D2F5CE90C004D2007 /* CombinedChartFramework */,
				A10000000000000000000001 /* CombinedChartFramework.framework */,
			);
			sourceTree = "<group>";
		};
		26785B832F3F0AC900541A34 /* Products */ = {
			isa = PBXGroup;
			children = (
				26785B822F3F0AC900541A34 /* CombinedChartSample.app */,
				26785B8F2F3F0AC900541A34 /* CombinedChartSampleTests.xctest */,
				26785B992F3F0AC900541A34 /* CombinedChartSampleUITests.xctest */,
			);
			name = Products;
			sourceTree = "<group>";
		};
		26E3FC5D2F5CE90C004D2007 /* CombinedChartFramework */ = {
			isa = PBXGroup;
			children = (
				26E3FCE42F5D19C9004D2007 /* Public */,
				26E3FCE52F5D19C9004D2007 /* Core */,
				26E3FCE62F5D19C9004D2007 /* Interaction */,
				26E3FCE72F5D19C9004D2007 /* Rendering */,
				26E3FCE82F5D19C9004D2007 /* Support */,
				26E3FCE92F5D19C9004D2007 /* Preview */,
			);
			name = CombinedChartFramework;
			path = CombinedChartSample/CombinedChartSample/Sources/CombinedChartFramework;
			sourceTree = "<group>";
		};
		26E3FCE42F5D19C9004D2007 /* Public */ = {
			isa = PBXGroup;
			children = (
				26E3FC4D2F5CE7CB004D2007 /* CombinedChartView.swift */,
				26E3FCDA2F5D1440004D2007 /* CombinedChartViewBody.swift */,
				26E3FCD62F5D124F004D2007 /* CombinedChartPublicTypes.swift */,
				26E3FCD42F5D122C004D2007 /* ChartConfiguration.swift */,
			);
			path = Public;
			sourceTree = "<group>";
		};
		26E3FCE52F5D19C9004D2007 /* Core */ = {
			isa = PBXGroup;
			children = (
				26E3FCC22F5D0893004D2007 /* ChartCoreModels.swift */,
				26E3FCD82F5D12C9004D2007 /* CombinedChartInternalData.swift */,
				26E3FCC42F5D0893004D2007 /* ChartResolvers.swift */,
				26B2B2C92F5D4A5E003B7D89 /* ChartViewportDerivedState.swift */,
			);
			path = Core;
			sourceTree = "<group>";
		};
		26E3FCE62F5D19C9004D2007 /* Interaction */ = {
			isa = PBXGroup;
			children = (
				26E3FCCE2F5D0E80004D2007 /* CombinedChartOrchestration.swift */,
				26E3FCCC2F5D0C48004D2007 /* CombinedChartSection.swift */,
				26E3FCF42F5D1AEF004D2007 /* CombinedChartInteractionReducer.swift */,
			);
			path = Interaction;
			sourceTree = "<group>";
		};
		26E3FCE72F5D19C9004D2007 /* Rendering */ = {
			isa = PBXGroup;
			children = (
				26E3FCC62F5D0A42004D2007 /* ChartContainerRenderer.swift */,
				26E3FCCA2F5D0B50004D2007 /* ChartContainerOverlayRenderer.swift */,
				26E3FCC82F5D0B20004D2007 /* ChartContainerAxisRenderer.swift */,
			);
			path = Rendering;
			sourceTree = "<group>";
		};
		26E3FCE82F5D19C9004D2007 /* Support */ = {
			isa = PBXGroup;
			children = (
				26E3FCD02F5D0FA8004D2007 /* CombinedChartSupportViews.swift */,
			);
			path = Support;
			sourceTree = "<group>";
		};
		26E3FCE92F5D19C9004D2007 /* Preview */ = {
			isa = PBXGroup;
			children = (
				26E3FCD22F5D10F9004D2007 /* CombinedChartPreview.swift */,
			);
			path = Preview;
			sourceTree = "<group>";
		};
/* End PBXGroup section */

/* Begin PBXNativeTarget section */
		26785B812F3F0AC900541A34 /* CombinedChartSample */ = {
			isa = PBXNativeTarget;
			buildConfigurationList = 26785BA32F3F0AC900541A34 /* Build configuration list for PBXNativeTarget "CombinedChartSample" */;
			buildPhases = (
				26785B7E2F3F0AC900541A34 /* Sources */,
				26785B7F2F3F0AC900541A34 /* Frameworks */,
				A1000000000000000000000E /* Embed Frameworks */,
				26785B802F3F0AC900541A34 /* Resources */,
				262939732F5C3C1900708CA7 /* ShellScript */,
			);
			buildRules = (
			);
			dependencies = (
				A1000000000000000000000C /* PBXTargetDependency */,
			);
			fileSystemSynchronizedGroups = (
				26785B842F3F0AC900541A34 /* App */,
			);
			name = CombinedChartSample;
			packageProductDependencies = (
			);
			productName = CombinedChartSample;
			productReference = 26785B822F3F0AC900541A34 /* CombinedChartSample.app */;
			productType = "com.apple.product-type.application";
		};
		26785B8E2F3F0AC900541A34 /* CombinedChartSampleTests */ = {
			isa = PBXNativeTarget;
			buildConfigurationList = 26785BA62F3F0AC900541A34 /* Build configuration list for PBXNativeTarget "CombinedChartSampleTests" */;
			buildPhases = (
				26785B8B2F3F0AC900541A34 /* Sources */,
				26785B8C2F3F0AC900541A34 /* Frameworks */,
				26785B8D2F3F0AC900541A34 /* Resources */,
			);
			buildRules = (
			);
			dependencies = (
				26785B912F3F0AC900541A34 /* PBXTargetDependency */,
			);
			fileSystemSynchronizedGroups = (
				26785B922F3F0AC900541A34 /* Tests */,
			);
			name = CombinedChartSampleTests;
			packageProductDependencies = (
			);
			productName = CombinedChartSampleTests;
			productReference = 26785B8F2F3F0AC900541A34 /* CombinedChartSampleTests.xctest */;
			productType = "com.apple.product-type.bundle.unit-test";
		};
		26785B982F3F0AC900541A34 /* CombinedChartSampleUITests */ = {
			isa = PBXNativeTarget;
			buildConfigurationList = 26785BA92F3F0AC900541A34 /* Build configuration list for PBXNativeTarget "CombinedChartSampleUITests" */;
			buildPhases = (
				26785B952F3F0AC900541A34 /* Sources */,
				26785B962F3F0AC900541A34 /* Frameworks */,
				26785B972F3F0AC900541A34 /* Resources */,
			);
			buildRules = (
			);
			dependencies = (
				26785B9B2F3F0AC900541A34 /* PBXTargetDependency */,
			);
			fileSystemSynchronizedGroups = (
				26785B9C2F3F0AC900541A34 /* CombinedChartSampleUITests */,
			);
			name = CombinedChartSampleUITests;
			packageProductDependencies = (
				26E3FD022F5D5000004D2007 /* SnapshotTesting */,
			);
			productName = CombinedChartSampleUITests;
			productReference = 26785B992F3F0AC900541A34 /* CombinedChartSampleUITests.xctest */;
			productType = "com.apple.product-type.bundle.ui-testing";
		};
		A10000000000000000000006 /* CombinedChartFramework */ = {
			isa = PBXNativeTarget;
			buildConfigurationList = A10000000000000000000007 /* Build configuration list for PBXNativeTarget "CombinedChartFramework" */;
			buildPhases = (
				A10000000000000000000004 /* Sources */,
				A10000000000000000000003 /* Frameworks */,
				A10000000000000000000005 /* Resources */,
			);
			buildRules = (
			);
			dependencies = (
			);
			name = CombinedChartFramework;
			packageProductDependencies = (
			);
			productName = CombinedChartFramework;
			productReference = A10000000000000000000001 /* CombinedChartFramework.framework */;
			productType = "com.apple.product-type.framework";
		};
/* End PBXNativeTarget section */

/* Begin PBXProject section */
		26785B7A2F3F0AC900541A34 /* Project object */ = {
			isa = PBXProject;
			attributes = {
				BuildIndependentTargetsInParallel = 1;
				LastSwiftUpdateCheck = 2620;
				LastUpgradeCheck = 2620;
				TargetAttributes = {
					26785B812F3F0AC900541A34 = {
						CreatedOnToolsVersion = 26.2;
					};
					26785B8E2F3F0AC900541A34 = {
						CreatedOnToolsVersion = 26.2;
						TestTargetID = 26785B812F3F0AC900541A34;
					};
					26785B982F3F0AC900541A34 = {
						CreatedOnToolsVersion = 26.2;
						TestTargetID = 26785B812F3F0AC900541A34;
					};
				};
			};
			buildConfigurationList = 26785B7D2F3F0AC900541A34 /* Build configuration list for PBXProject "CombinedChartSample" */;
			developmentRegion = en;
			hasScannedForEncodings = 0;
			knownRegions = (
				en,
				Base,
			);
			mainGroup = 26785B792F3F0AC900541A34;
			minimizedProjectReferenceProxies = 1;
			packageReferences = (
				26E3FD032F5D5000004D2007 /* XCRemoteSwiftPackageReference "swift-snapshot-testing" */,
			);
			preferredProjectObjectVersion = 77;
			productRefGroup = 26785B832F3F0AC900541A34 /* Products */;
			projectDirPath = "";
			projectRoot = "";
			targets = (
				26785B812F3F0AC900541A34 /* CombinedChartSample */,
				A10000000000000000000006 /* CombinedChartFramework */,
				26785B8E2F3F0AC900541A34 /* CombinedChartSampleTests */,
				26785B982F3F0AC900541A34 /* CombinedChartSampleUITests */,
			);
		};
/* End PBXProject section */

/* Begin PBXResourcesBuildPhase section */
		26785B802F3F0AC900541A34 /* Resources */ = {
			isa = PBXResourcesBuildPhase;
			buildActionMask = 2147483647;
			files = (
			);
			runOnlyForDeploymentPostprocessing = 0;
		};
		26785B8D2F3F0AC900541A34 /* Resources */ = {
			isa = PBXResourcesBuildPhase;
			buildActionMask = 2147483647;
			files = (
			);
			runOnlyForDeploymentPostprocessing = 0;
		};
		26785B972F3F0AC900541A34 /* Resources */ = {
			isa = PBXResourcesBuildPhase;
			buildActionMask = 2147483647;
			files = (
			);
			runOnlyForDeploymentPostprocessing = 0;
		};
		A10000000000000000000005 /* Resources */ = {
			isa = PBXResourcesBuildPhase;
			buildActionMask = 2147483647;
			files = (
			);
			runOnlyForDeploymentPostprocessing = 0;
		};
/* End PBXResourcesBuildPhase section */

/* Begin PBXShellScriptBuildPhase section */
		262939732F5C3C1900708CA7 /* ShellScript */ = {
			isa = PBXShellScriptBuildPhase;
			buildActionMask = 2147483647;
			files = (
			);
			inputFileListPaths = (
			);
			inputPaths = (
			);
			outputFileListPaths = (
			);
			outputPaths = (
			);
			runOnlyForDeploymentPostprocessing = 0;
			shellPath = /bin/sh;
			shellScript = "if [[ \"$(uname -m)\" == \"arm64\" ]]; then\nexport PATH=\"/opt/homebrew/bin:$PATH\"\nfi\n\necho \"Running SwiftFormat...\"\n\nif command -v swiftformat >/dev/null 2>&1; then\nswiftformat \"$SRCROOT\" --verbose\nelse\necho \"warning: SwiftFormat not installed\"\nfi\n\necho \"Running SwiftLint...\"\n\nif command -v swiftlint >/dev/null 2>&1; then\nswiftlint --fix --config \"$SRCROOT/.swiftlint.yml\"\nswiftlint --config \"$SRCROOT/.swiftlint.yml\"\nelse\necho \"warning: SwiftLint not installed\"\nfi\n";
		};
/* End PBXShellScriptBuildPhase section */

/* Begin PBXSourcesBuildPhase section */
		26785B7E2F3F0AC900541A34 /* Sources */ = {
			isa = PBXSourcesBuildPhase;
			buildActionMask = 2147483647;
			files = (
			);
			runOnlyForDeploymentPostprocessing = 0;
		};
		26785B8B2F3F0AC900541A34 /* Sources */ = {
			isa = PBXSourcesBuildPhase;
			buildActionMask = 2147483647;
			files = (
			);
			runOnlyForDeploymentPostprocessing = 0;
		};
		26785B952F3F0AC900541A34 /* Sources */ = {
			isa = PBXSourcesBuildPhase;
			buildActionMask = 2147483647;
			files = (
			);
			runOnlyForDeploymentPostprocessing = 0;
		};
		A10000000000000000000004 /* Sources */ = {
			isa = PBXSourcesBuildPhase;
			buildActionMask = 2147483647;
			files = (
				26B2B2CA2F5D4A5E003B7D89 /* ChartViewportDerivedState.swift in Sources */,
				26E3FCD72F5D124F004D2007 /* CombinedChartPublicTypes.swift in Sources */,
				26E3FCCB2F5D0B50004D2007 /* ChartContainerOverlayRenderer.swift in Sources */,
				26E3FCD32F5D10F9004D2007 /* CombinedChartPreview.swift in Sources */,
				26E3FCF52F5D1AEF004D2007 /* CombinedChartInteractionReducer.swift in Sources */,
				26E3FCC92F5D0B20004D2007 /* ChartContainerAxisRenderer.swift in Sources */,
				26E3FC552F5CE7CB004D2007 /* CombinedChartView.swift in Sources */,
				26E3FCC52F5D0893004D2007 /* ChartResolvers.swift in Sources */,
				26E3FCC32F5D0893004D2007 /* ChartCoreModels.swift in Sources */,
				26E3FCD12F5D0FA8004D2007 /* CombinedChartSupportViews.swift in Sources */,
				26E3FCC72F5D0A42004D2007 /* ChartContainerRenderer.swift in Sources */,
				26E3FCD52F5D122C004D2007 /* ChartConfiguration.swift in Sources */,
				26E3FCCF2F5D0E80004D2007 /* CombinedChartOrchestration.swift in Sources */,
				26E3FCCD2F5D0C48004D2007 /* CombinedChartSection.swift in Sources */,
				26E3FCDB2F5D1440004D2007 /* CombinedChartViewBody.swift in Sources */,
				26E3FCD92F5D12C9004D2007 /* CombinedChartInternalData.swift in Sources */,
			);
			runOnlyForDeploymentPostprocessing = 0;
		};
/* End PBXSourcesBuildPhase section */

/* Begin PBXTargetDependency section */
		26785B912F3F0AC900541A34 /* PBXTargetDependency */ = {
			isa = PBXTargetDependency;
			target = 26785B812F3F0AC900541A34 /* CombinedChartSample */;
			targetProxy = 26785B902F3F0AC900541A34 /* PBXContainerItemProxy */;
		};
		26785B9B2F3F0AC900541A34 /* PBXTargetDependency */ = {
			isa = PBXTargetDependency;
			target = 26785B812F3F0AC900541A34 /* CombinedChartSample */;
			targetProxy = 26785B9A2F3F0AC900541A34 /* PBXContainerItemProxy */;
		};
		A1000000000000000000000C /* PBXTargetDependency */ = {
			isa = PBXTargetDependency;
			target = A10000000000000000000006 /* CombinedChartFramework */;
			targetProxy = A1000000000000000000000B /* PBXContainerItemProxy */;
		};
/* End PBXTargetDependency section */

/* Begin XCBuildConfiguration section */
		26785BA12F3F0AC900541A34 /* Debug */ = {
			isa = XCBuildConfiguration;
			buildSettings = {
				ALWAYS_SEARCH_USER_PATHS = NO;
				ASSETCATALOG_COMPILER_GENERATE_SWIFT_ASSET_SYMBOL_EXTENSIONS = YES;
				CLANG_ANALYZER_NONNULL = YES;
				CLANG_ANALYZER_NUMBER_OBJECT_CONVERSION = YES_AGGRESSIVE;
				CLANG_CXX_LANGUAGE_STANDARD = "gnu++20";
				CLANG_ENABLE_MODULES = YES;
				CLANG_ENABLE_OBJC_ARC = YES;
				CLANG_ENABLE_OBJC_WEAK = YES;
				CLANG_WARN_BLOCK_CAPTURE_AUTORELEASING = YES;
				CLANG_WARN_BOOL_CONVERSION = YES;
				CLANG_WARN_COMMA = YES;
				CLANG_WARN_CONSTANT_CONVERSION = YES;
				CLANG_WARN_DEPRECATED_OBJC_IMPLEMENTATIONS = YES;
				CLANG_WARN_DIRECT_OBJC_ISA_USAGE = YES_ERROR;
				CLANG_WARN_DOCUMENTATION_COMMENTS = YES;
				CLANG_WARN_EMPTY_BODY = YES;
				CLANG_WARN_ENUM_CONVERSION = YES;
				CLANG_WARN_INFINITE_RECURSION = YES;
				CLANG_WARN_INT_CONVERSION = YES;
				CLANG_WARN_NON_LITERAL_NULL_CONVERSION = YES;
				CLANG_WARN_OBJC_IMPLICIT_RETAIN_SELF = YES;
				CLANG_WARN_OBJC_LITERAL_CONVERSION = YES;
				CLANG_WARN_OBJC_ROOT_CLASS = YES_ERROR;
				CLANG_WARN_QUOTED_INCLUDE_IN_FRAMEWORK_HEADER = YES;
				CLANG_WARN_RANGE_LOOP_ANALYSIS = YES;
				CLANG_WARN_STRICT_PROTOTYPES = YES;
				CLANG_WARN_SUSPICIOUS_MOVE = YES;
				CLANG_WARN_UNGUARDED_AVAILABILITY = YES_AGGRESSIVE;
				CLANG_WARN_UNREACHABLE_CODE = YES;
				CLANG_WARN__DUPLICATE_METHOD_MATCH = YES;
				COPY_PHASE_STRIP = NO;
				DEBUG_INFORMATION_FORMAT = dwarf;
				DEVELOPMENT_TEAM = 3P8C7H426Z;
				ENABLE_STRICT_OBJC_MSGSEND = YES;
				ENABLE_TESTABILITY = YES;
				ENABLE_USER_SCRIPT_SANDBOXING = YES;
				GCC_C_LANGUAGE_STANDARD = gnu17;
				GCC_DYNAMIC_NO_PIC = NO;
				GCC_NO_COMMON_BLOCKS = YES;
				GCC_OPTIMIZATION_LEVEL = 0;
				GCC_PREPROCESSOR_DEFINITIONS = (
					"DEBUG=1",
					"$(inherited)",
				);
				GCC_WARN_64_TO_32_BIT_CONVERSION = YES;
				GCC_WARN_ABOUT_RETURN_TYPE = YES_ERROR;
				GCC_WARN_UNDECLARED_SELECTOR = YES;
				GCC_WARN_UNINITIALIZED_AUTOS = YES_AGGRESSIVE;
				GCC_WARN_UNUSED_FUNCTION = YES;
				GCC_WARN_UNUSED_VARIABLE = YES;
				IPHONEOS_DEPLOYMENT_TARGET = 26.2;
				LOCALIZATION_PREFERS_STRING_CATALOGS = YES;
				MTL_ENABLE_DEBUG_INFO = INCLUDE_SOURCE;
				MTL_FAST_MATH = YES;
				ONLY_ACTIVE_ARCH = YES;
				SDKROOT = iphoneos;
				SWIFT_ACTIVE_COMPILATION_CONDITIONS = "DEBUG $(inherited)";
				SWIFT_OPTIMIZATION_LEVEL = "-Onone";
			};
			name = Debug;
		};
		26785BA22F3F0AC900541A34 /* Release */ = {
			isa = XCBuildConfiguration;
			buildSettings = {
				ALWAYS_SEARCH_USER_PATHS = NO;
				ASSETCATALOG_COMPILER_GENERATE_SWIFT_ASSET_SYMBOL_EXTENSIONS = YES;
				CLANG_ANALYZER_NONNULL = YES;
				CLANG_ANALYZER_NUMBER_OBJECT_CONVERSION = YES_AGGRESSIVE;
				CLANG_CXX_LANGUAGE_STANDARD = "gnu++20";
				CLANG_ENABLE_MODULES = YES;
				CLANG_ENABLE_OBJC_ARC = YES;
				CLANG_ENABLE_OBJC_WEAK = YES;
				CLANG_WARN_BLOCK_CAPTURE_AUTORELEASING = YES;
				CLANG_WARN_BOOL_CONVERSION = YES;
				CLANG_WARN_COMMA = YES;
				CLANG_WARN_CONSTANT_CONVERSION = YES;
				CLANG_WARN_DEPRECATED_OBJC_IMPLEMENTATIONS = YES;
				CLANG_WARN_DIRECT_OBJC_ISA_USAGE = YES_ERROR;
				CLANG_WARN_DOCUMENTATION_COMMENTS = YES;
				CLANG_WARN_EMPTY_BODY = YES;
				CLANG_WARN_ENUM_CONVERSION = YES;
				CLANG_WARN_INFINITE_RECURSION = YES;
				CLANG_WARN_INT_CONVERSION = YES;
				CLANG_WARN_NON_LITERAL_NULL_CONVERSION = YES;
				CLANG_WARN_OBJC_IMPLICIT_RETAIN_SELF = YES;
				CLANG_WARN_OBJC_LITERAL_CONVERSION = YES;
				CLANG_WARN_OBJC_ROOT_CLASS = YES_ERROR;
				CLANG_WARN_QUOTED_INCLUDE_IN_FRAMEWORK_HEADER = YES;
				CLANG_WARN_RANGE_LOOP_ANALYSIS = YES;
				CLANG_WARN_STRICT_PROTOTYPES = YES;
				CLANG_WARN_SUSPICIOUS_MOVE = YES;
				CLANG_WARN_UNGUARDED_AVAILABILITY = YES_AGGRESSIVE;
				CLANG_WARN_UNREACHABLE_CODE = YES;
				CLANG_WARN__DUPLICATE_METHOD_MATCH = YES;
				COPY_PHASE_STRIP = NO;
				DEBUG_INFORMATION_FORMAT = "dwarf-with-dsym";
				DEVELOPMENT_TEAM = 3P8C7H426Z;
				ENABLE_NS_ASSERTIONS = NO;
				ENABLE_STRICT_OBJC_MSGSEND = YES;
				ENABLE_USER_SCRIPT_SANDBOXING = YES;
				GCC_C_LANGUAGE_STANDARD = gnu17;
				GCC_NO_COMMON_BLOCKS = YES;
				GCC_WARN_64_TO_32_BIT_CONVERSION = YES;
				GCC_WARN_ABOUT_RETURN_TYPE = YES_ERROR;
				GCC_WARN_UNDECLARED_SELECTOR = YES;
				GCC_WARN_UNINITIALIZED_AUTOS = YES_AGGRESSIVE;
				GCC_WARN_UNUSED_FUNCTION = YES;
				GCC_WARN_UNUSED_VARIABLE = YES;
				IPHONEOS_DEPLOYMENT_TARGET = 26.2;
				LOCALIZATION_PREFERS_STRING_CATALOGS = YES;
				MTL_ENABLE_DEBUG_INFO = NO;
				MTL_FAST_MATH = YES;
				SDKROOT = iphoneos;
				SWIFT_COMPILATION_MODE = wholemodule;
				VALIDATE_PRODUCT = YES;
			};
			name = Release;
		};
		26785BA42F3F0AC900541A34 /* Debug */ = {
			isa = XCBuildConfiguration;
			buildSettings = {
				ASSETCATALOG_COMPILER_APPICON_NAME = AppIcon;
				ASSETCATALOG_COMPILER_GLOBAL_ACCENT_COLOR_NAME = AccentColor;
				CODE_SIGN_STYLE = Automatic;
				CURRENT_PROJECT_VERSION = 1;
				DEVELOPMENT_TEAM = 3P8C7H426Z;
				ENABLE_PREVIEWS = YES;
				ENABLE_USER_SCRIPT_SANDBOXING = NO;
				EXCLUDED_SOURCE_FILE_NAMES = (
					"CombinedChartSample/Sources/**",
					"CombinedChartSample/Tests/**",
				);
				GENERATE_INFOPLIST_FILE = YES;
				INFOPLIST_KEY_UIApplicationSceneManifest_Generation = YES;
				INFOPLIST_KEY_UIApplicationSupportsIndirectInputEvents = YES;
				INFOPLIST_KEY_UILaunchScreen_Generation = YES;
				INFOPLIST_KEY_UISupportedInterfaceOrientations = UIInterfaceOrientationPortrait;
				INFOPLIST_KEY_UISupportedInterfaceOrientations_iPad = "UIInterfaceOrientationLandscapeLeft UIInterfaceOrientationLandscapeRight UIInterfaceOrientationPortrait UIInterfaceOrientationPortraitUpsideDown";
				IPHONEOS_DEPLOYMENT_TARGET = 16.6;
				LD_RUNPATH_SEARCH_PATHS = (
					"$(inherited)",
					"@executable_path/Frameworks",
				);
				MARKETING_VERSION = 1.0;
				PRODUCT_BUNDLE_IDENTIFIER = com.bernard.CombinedChartSample;
				PRODUCT_NAME = "$(TARGET_NAME)";
				STRING_CATALOG_GENERATE_SYMBOLS = YES;
				SWIFT_APPROACHABLE_CONCURRENCY = YES;
				SWIFT_DEFAULT_ACTOR_ISOLATION = MainActor;
				SWIFT_EMIT_LOC_STRINGS = YES;
				SWIFT_UPCOMING_FEATURE_MEMBER_IMPORT_VISIBILITY = YES;
				SWIFT_VERSION = 5.0;
				TARGETED_DEVICE_FAMILY = "1,2";
			};
			name = Debug;
		};
		26785BA52F3F0AC900541A34 /* Release */ = {
			isa = XCBuildConfiguration;
			buildSettings = {
				ASSETCATALOG_COMPILER_APPICON_NAME = AppIcon;
				ASSETCATALOG_COMPILER_GLOBAL_ACCENT_COLOR_NAME = AccentColor;
				CODE_SIGN_STYLE = Automatic;
				CURRENT_PROJECT_VERSION = 1;
				DEVELOPMENT_TEAM = 3P8C7H426Z;
				ENABLE_PREVIEWS = YES;
				ENABLE_USER_SCRIPT_SANDBOXING = NO;
				EXCLUDED_SOURCE_FILE_NAMES = (
					"CombinedChartSample/Sources/**",
					"CombinedChartSample/Tests/**",
				);
				GENERATE_INFOPLIST_FILE = YES;
				INFOPLIST_KEY_UIApplicationSceneManifest_Generation = YES;
				INFOPLIST_KEY_UIApplicationSupportsIndirectInputEvents = YES;
				INFOPLIST_KEY_UILaunchScreen_Generation = YES;
				INFOPLIST_KEY_UISupportedInterfaceOrientations = UIInterfaceOrientationPortrait;
				INFOPLIST_KEY_UISupportedInterfaceOrientations_iPad = "UIInterfaceOrientationLandscapeLeft UIInterfaceOrientationLandscapeRight UIInterfaceOrientationPortrait UIInterfaceOrientationPortraitUpsideDown";
				IPHONEOS_DEPLOYMENT_TARGET = 16.6;
				LD_RUNPATH_SEARCH_PATHS = (
					"$(inherited)",
					"@executable_path/Frameworks",
				);
				MARKETING_VERSION = 1.0;
				PRODUCT_BUNDLE_IDENTIFIER = com.bernard.CombinedChartSample;
				PRODUCT_NAME = "$(TARGET_NAME)";
				STRING_CATALOG_GENERATE_SYMBOLS = YES;
				SWIFT_APPROACHABLE_CONCURRENCY = YES;
				SWIFT_DEFAULT_ACTOR_ISOLATION = MainActor;
				SWIFT_EMIT_LOC_STRINGS = YES;
				SWIFT_UPCOMING_FEATURE_MEMBER_IMPORT_VISIBILITY = YES;
				SWIFT_VERSION = 5.0;
				TARGETED_DEVICE_FAMILY = "1,2";
			};
			name = Release;
		};
		26785BA72F3F0AC900541A34 /* Debug */ = {
			isa = XCBuildConfiguration;
			buildSettings = {
				BUNDLE_LOADER = "$(TEST_HOST)";
				CODE_SIGN_STYLE = Automatic;
				CURRENT_PROJECT_VERSION = 1;
				DEVELOPMENT_TEAM = 3P8C7H426Z;
				GENERATE_INFOPLIST_FILE = YES;
				IPHONEOS_DEPLOYMENT_TARGET = 26.2;
				MARKETING_VERSION = 1.0;
				PRODUCT_BUNDLE_IDENTIFIER = com.bernard.CombinedChartSampleTests;
				PRODUCT_NAME = "$(TARGET_NAME)";
				STRING_CATALOG_GENERATE_SYMBOLS = NO;
				SWIFT_APPROACHABLE_CONCURRENCY = YES;
				SWIFT_EMIT_LOC_STRINGS = NO;
				SWIFT_UPCOMING_FEATURE_MEMBER_IMPORT_VISIBILITY = YES;
				SWIFT_VERSION = 5.0;
				TARGETED_DEVICE_FAMILY = "1,2";
				TEST_HOST = "$(BUILT_PRODUCTS_DIR)/CombinedChartSample.app/$(BUNDLE_EXECUTABLE_FOLDER_PATH)/CombinedChartSample";
			};
			name = Debug;
		};
		26785BA82F3F0AC900541A34 /* Release */ = {
			isa = XCBuildConfiguration;
			buildSettings = {
				BUNDLE_LOADER = "$(TEST_HOST)";
				CODE_SIGN_STYLE = Automatic;
				CURRENT_PROJECT_VERSION = 1;
				DEVELOPMENT_TEAM = 3P8C7H426Z;
				GENERATE_INFOPLIST_FILE = YES;
				IPHONEOS_DEPLOYMENT_TARGET = 26.2;
				MARKETING_VERSION = 1.0;
				PRODUCT_BUNDLE_IDENTIFIER = com.bernard.CombinedChartSampleTests;
				PRODUCT_NAME = "$(TARGET_NAME)";
				STRING_CATALOG_GENERATE_SYMBOLS = NO;
				SWIFT_APPROACHABLE_CONCURRENCY = YES;
				SWIFT_EMIT_LOC_STRINGS = NO;
				SWIFT_UPCOMING_FEATURE_MEMBER_IMPORT_VISIBILITY = YES;
				SWIFT_VERSION = 5.0;
				TARGETED_DEVICE_FAMILY = "1,2";
				TEST_HOST = "$(BUILT_PRODUCTS_DIR)/CombinedChartSample.app/$(BUNDLE_EXECUTABLE_FOLDER_PATH)/CombinedChartSample";
			};
			name = Release;
		};
		26785BAA2F3F0AC900541A34 /* Debug */ = {
			isa = XCBuildConfiguration;
			buildSettings = {
				CODE_SIGN_STYLE = Automatic;
				CURRENT_PROJECT_VERSION = 1;
				DEVELOPMENT_TEAM = 3P8C7H426Z;
				GENERATE_INFOPLIST_FILE = YES;
				MARKETING_VERSION = 1.0;
				OTHER_SWIFT_FLAGS = "";
				PRODUCT_BUNDLE_IDENTIFIER = com.bernard.CombinedChartSampleUITests;
				PRODUCT_NAME = "$(TARGET_NAME)";
				STRING_CATALOG_GENERATE_SYMBOLS = NO;
				SWIFT_APPROACHABLE_CONCURRENCY = YES;
				SWIFT_EMIT_LOC_STRINGS = NO;
				SWIFT_UPCOMING_FEATURE_MEMBER_IMPORT_VISIBILITY = YES;
				SWIFT_VERSION = 5.0;
				TARGETED_DEVICE_FAMILY = "1,2";
				TEST_TARGET_NAME = CombinedChartSample;
			};
			name = Debug;
		};
		26785BAB2F3F0AC900541A34 /* Release */ = {
			isa = XCBuildConfiguration;
			buildSettings = {
				CODE_SIGN_STYLE = Automatic;
				CURRENT_PROJECT_VERSION = 1;
				DEVELOPMENT_TEAM = 3P8C7H426Z;
				GENERATE_INFOPLIST_FILE = YES;
				MARKETING_VERSION = 1.0;
				OTHER_SWIFT_FLAGS = "";
				PRODUCT_BUNDLE_IDENTIFIER = com.bernard.CombinedChartSampleUITests;
				PRODUCT_NAME = "$(TARGET_NAME)";
				STRING_CATALOG_GENERATE_SYMBOLS = NO;
				SWIFT_APPROACHABLE_CONCURRENCY = YES;
				SWIFT_EMIT_LOC_STRINGS = NO;
				SWIFT_UPCOMING_FEATURE_MEMBER_IMPORT_VISIBILITY = YES;
				SWIFT_VERSION = 5.0;
				TARGETED_DEVICE_FAMILY = "1,2";
				TEST_TARGET_NAME = CombinedChartSample;
			};
			name = Release;
		};
		A10000000000000000000008 /* Debug */ = {
			isa = XCBuildConfiguration;
			buildSettings = {
				CODE_SIGN_STYLE = Automatic;
				CURRENT_PROJECT_VERSION = 1;
				DEFINES_MODULE = YES;
				DEVELOPMENT_TEAM = 3P8C7H426Z;
				GENERATE_INFOPLIST_FILE = YES;
				IPHONEOS_DEPLOYMENT_TARGET = 16.6;
				MARKETING_VERSION = 1.0;
				PRODUCT_BUNDLE_IDENTIFIER = com.bernard.CombinedChartFramework;
				PRODUCT_NAME = "$(TARGET_NAME)";
				SKIP_INSTALL = NO;
				STRING_CATALOG_GENERATE_SYMBOLS = NO;
				SWIFT_APPROACHABLE_CONCURRENCY = YES;
				SWIFT_EMIT_LOC_STRINGS = NO;
				SWIFT_UPCOMING_FEATURE_MEMBER_IMPORT_VISIBILITY = YES;
				SWIFT_VERSION = 5.0;
			};
			name = Debug;
		};
		A10000000000000000000009 /* Release */ = {
			isa = XCBuildConfiguration;
			buildSettings = {
				CODE_SIGN_STYLE = Automatic;
				CURRENT_PROJECT_VERSION = 1;
				DEFINES_MODULE = YES;
				DEVELOPMENT_TEAM = 3P8C7H426Z;
				GENERATE_INFOPLIST_FILE = YES;
				IPHONEOS_DEPLOYMENT_TARGET = 16.6;
				MARKETING_VERSION = 1.0;
				PRODUCT_BUNDLE_IDENTIFIER = com.bernard.CombinedChartFramework;
				PRODUCT_NAME = "$(TARGET_NAME)";
				SKIP_INSTALL = NO;
				STRING_CATALOG_GENERATE_SYMBOLS = NO;
				SWIFT_APPROACHABLE_CONCURRENCY = YES;
				SWIFT_EMIT_LOC_STRINGS = NO;
				SWIFT_UPCOMING_FEATURE_MEMBER_IMPORT_VISIBILITY = YES;
				SWIFT_VERSION = 5.0;
			};
			name = Release;
		};
/* End XCBuildConfiguration section */

/* Begin XCConfigurationList section */
		26785B7D2F3F0AC900541A34 /* Build configuration list for PBXProject "CombinedChartSample" */ = {
			isa = XCConfigurationList;
			buildConfigurations = (
				26785BA12F3F0AC900541A34 /* Debug */,
				26785BA22F3F0AC900541A34 /* Release */,
			);
			defaultConfigurationIsVisible = 0;
			defaultConfigurationName = Release;
		};
		26785BA32F3F0AC900541A34 /* Build configuration list for PBXNativeTarget "CombinedChartSample" */ = {
			isa = XCConfigurationList;
			buildConfigurations = (
				26785BA42F3F0AC900541A34 /* Debug */,
				26785BA52F3F0AC900541A34 /* Release */,
			);
			defaultConfigurationIsVisible = 0;
			defaultConfigurationName = Release;
		};
		26785BA62F3F0AC900541A34 /* Build configuration list for PBXNativeTarget "CombinedChartSampleTests" */ = {
			isa = XCConfigurationList;
			buildConfigurations = (
				26785BA72F3F0AC900541A34 /* Debug */,
				26785BA82F3F0AC900541A34 /* Release */,
			);
			defaultConfigurationIsVisible = 0;
			defaultConfigurationName = Release;
		};
		26785BA92F3F0AC900541A34 /* Build configuration list for PBXNativeTarget "CombinedChartSampleUITests" */ = {
			isa = XCConfigurationList;
			buildConfigurations = (
				26785BAA2F3F0AC900541A34 /* Debug */,
				26785BAB2F3F0AC900541A34 /* Release */,
			);
			defaultConfigurationIsVisible = 0;
			defaultConfigurationName = Release;
		};
		A10000000000000000000007 /* Build configuration list for PBXNativeTarget "CombinedChartFramework" */ = {
			isa = XCConfigurationList;
			buildConfigurations = (
				A10000000000000000000008 /* Debug */,
				A10000000000000000000009 /* Release */,
			);
			defaultConfigurationIsVisible = 0;
			defaultConfigurationName = Release;
		};
/* End XCConfigurationList section */

/* Begin XCRemoteSwiftPackageReference section */
		26E3FD032F5D5000004D2007 /* XCRemoteSwiftPackageReference "swift-snapshot-testing" */ = {
			isa = XCRemoteSwiftPackageReference;
			repositoryURL = "https://github.com/pointfreeco/swift-snapshot-testing";
			requirement = {
				kind = upToNextMajorVersion;
				minimumVersion = 1.18.9;
			};
		};
/* End XCRemoteSwiftPackageReference section */

/* Begin XCSwiftPackageProductDependency section */
		26E3FD022F5D5000004D2007 /* SnapshotTesting */ = {
			isa = XCSwiftPackageProductDependency;
			package = 26E3FD032F5D5000004D2007 /* XCRemoteSwiftPackageReference "swift-snapshot-testing" */;
			productName = SnapshotTesting;
		};
/* End XCSwiftPackageProductDependency section */
	};
	rootObject = 26785B7A2F3F0AC900541A34 /* Project object */;
}
